
Microsoft Visual Studio Solution File, Format Version 12.00
# Visual Studio 15
VisualStudioVersion = 15.0.28010.2046
MinimumVisualStudioVersion = 10.0.40219.1
Project("{F2A71F9B-5D33-465A-A702-920D77279786}") = "ElmishSentimentApp", "ElmishSentimentApp\ElmishSentimentApp.fsproj", "{D010C9C4-0C1F-405B-968F-76F0A1FD8205}"
EndProject
Global
	GlobalSection(SolutionConfigurationPlatforms) = preSolution
		Debug|Any CPU = Debug|Any CPU
		Release|Any CPU = Release|Any CPU
	EndGlobalSection
	GlobalSection(ProjectConfigurationPlatforms) = postSolution
		{D010C9C4-0C1F-405B-968F-76F0A1FD8205}.Debug|Any CPU.ActiveCfg = Debug|Any CPU
		{D010C9C4-0C1F-405B-968F-76F0A1FD8205}.Debug|Any CPU.Build.0 = Debug|Any CPU
		{D010C9C4-0C1F-405B-968F-76F0A1FD8205}.Release|Any CPU.ActiveCfg = Release|Any CPU
		{D010C9C4-0C1F-405B-968F-76F0A1FD8205}.Release|Any CPU.Build.0 = Release|Any CPU
	EndGlobalSection
	GlobalSection(SolutionProperties) = preSolution
		HideSolutionNode = FALSE
	EndGlobalSection
	GlobalSection(ExtensibilityGlobals) = postSolution
		SolutionGuid = {D36528E6-1F4F-486F-9864-C1104ABA9711}
	EndGlobalSection
EndGlobal
